
Microsoft Visual Studio Solution File, Format Version 10.00
# Visual Studio 2008
Project("{8BC9CEB8-8B4C-3A32-CFA6-8CF22665A12B}") = "overlay", "overlay.vcproj", "{664B1CE6-8BFA-C94B-DD92-ED71A7422008}"
EndProject
Global
	GlobalSection(SolutionConfigurationPlatforms) = preSolution
		Debug|Win32 = Debug|Win32
		Debug|x64 = Debug|x64
		Release|Win32 = Release|Win32
		Release|x64 = Release|x64
	EndGlobalSection
	GlobalSection(ProjectConfigurationPlatforms) = postSolution
		{664B1CE6-8BFA-C94B-DD92-ED71A7422008}.Debug|Win32.ActiveCfg = Debug|Win32
		{664B1CE6-8BFA-C94B-DD92-ED71A7422008}.Debug|Win32.Build.0 = Debug|Win32
		{664B1CE6-8BFA-C94B-DD92-ED71A7422008}.Debug|x64.ActiveCfg = Debug|x64
		{664B1CE6-8BFA-C94B-DD92-ED71A7422008}.Debug|x64.Build.0 = Debug|x64
		{664B1CE6-8BFA-C94B-DD92-ED71A7422008}.Release|Win32.ActiveCfg = Release|Win32
		{664B1CE6-8BFA-C94B-DD92-ED71A7422008}.Release|Win32.Build.0 = Release|Win32
		{664B1CE6-8BFA-C94B-DD92-ED71A7422008}.Release|x64.ActiveCfg = Release|x64
		{664B1CE6-8BFA-C94B-DD92-ED71A7422008}.Release|x64.Build.0 = Release|x64
	EndGlobalSection
	GlobalSection(SolutionProperties) = preSolution
		HideSolutionNode = FALSE
	EndGlobalSection
EndGlobal
