
Microsoft Visual Studio Solution File, Format Version 10.00
# Visual Studio 2008
Project("{8BC9CEB8-8B4C-332F-9DAE-84EF257ABE22}") = "fifod3d", "fifod3d.vcproj", "{664B1CE6-8BFA-C056-8F9A-E56CA45D3F01}"
EndProject
Global
	GlobalSection(SolutionConfigurationPlatforms) = preSolution
		Debug|Win32 = Debug|Win32
		Debug|x64 = Debug|x64
		Release|Win32 = Release|Win32
		Release|x64 = Release|x64
	EndGlobalSection
	GlobalSection(ProjectConfigurationPlatforms) = postSolution
		{664B1CE6-8BFA-C056-8F9A-E56CA45D3F01}.Debug|Win32.ActiveCfg = Debug|Win32
		{664B1CE6-8BFA-C056-8F9A-E56CA45D3F01}.Debug|Win32.Build.0 = Debug|Win32
		{664B1CE6-8BFA-C056-8F9A-E56CA45D3F01}.Debug|x64.ActiveCfg = Debug|x64
		{664B1CE6-8BFA-C056-8F9A-E56CA45D3F01}.Debug|x64.Build.0 = Debug|x64
		{664B1CE6-8BFA-C056-8F9A-E56CA45D3F01}.Release|Win32.ActiveCfg = Release|Win32
		{664B1CE6-8BFA-C056-8F9A-E56CA45D3F01}.Release|Win32.Build.0 = Release|Win32
		{664B1CE6-8BFA-C056-8F9A-E56CA45D3F01}.Release|x64.ActiveCfg = Release|x64
		{664B1CE6-8BFA-C056-8F9A-E56CA45D3F01}.Release|x64.Build.0 = Release|x64
	EndGlobalSection
	GlobalSection(SolutionProperties) = preSolution
		HideSolutionNode = FALSE
	EndGlobalSection
EndGlobal
