
Microsoft Visual Studio Solution File, Format Version 10.00
# Visual Studio 2008
Project("{8BC9CEB8-8B4C-2524-C1A6-8BE32279B62E}") = "jackloop", "jackloop.vcproj", "{664B1CE6-8BFA-D65D-D392-EA60A35E370D}"
EndProject
Global
	GlobalSection(SolutionConfigurationPlatforms) = preSolution
		Debug|Win32 = Debug|Win32
		Debug|x64 = Debug|x64
		Release|Win32 = Release|Win32
		Release|x64 = Release|x64
	EndGlobalSection
	GlobalSection(ProjectConfigurationPlatforms) = postSolution
		{664B1CE6-8BFA-D65D-D392-EA60A35E370D}.Debug|Win32.ActiveCfg = Debug|Win32
		{664B1CE6-8BFA-D65D-D392-EA60A35E370D}.Debug|Win32.Build.0 = Debug|Win32
		{664B1CE6-8BFA-D65D-D392-EA60A35E370D}.Debug|x64.ActiveCfg = Debug|x64
		{664B1CE6-8BFA-D65D-D392-EA60A35E370D}.Debug|x64.Build.0 = Debug|x64
		{664B1CE6-8BFA-D65D-D392-EA60A35E370D}.Release|Win32.ActiveCfg = Release|Win32
		{664B1CE6-8BFA-D65D-D392-EA60A35E370D}.Release|Win32.Build.0 = Release|Win32
		{664B1CE6-8BFA-D65D-D392-EA60A35E370D}.Release|x64.ActiveCfg = Release|x64
		{664B1CE6-8BFA-D65D-D392-EA60A35E370D}.Release|x64.Build.0 = Release|x64
	EndGlobalSection
	GlobalSection(SolutionProperties) = preSolution
		HideSolutionNode = FALSE
	EndGlobalSection
EndGlobal
